<Solution>
  <Folder Name="/Solution items/">
    <File Path="../Directory.Build.props" />
    <File Path="../README.md" />
    <File Path=".editorconfig" />
    <File Path="Directory.Packages.props" />
  </Folder>
  <Project Path="docker-compose.dcproj">
    <Build />
  </Project>
  <Project Path="Padel.API/Padel.API.csproj" />
</Solution>
